
Microsoft Visual Studio Solution File, Format Version 12.00
# Visual Studio Version 17
VisualStudioVersion = 17.14.36518.9 d17.14
MinimumVisualStudioVersion = 10.0.40219.1
Project("{FAE04EC0-301F-11D3-BF4B-00C04F79EFBC}") = "Blazor", "Blazor\Blazor.csproj", "{01C9FD02-EBB7-4CCE-B91D-81595A096D5E}"
EndProject
Global
	GlobalSection(SolutionConfigurationPlatforms) = preSolution
		Debug|Any CPU = Debug|Any CPU
		Release|Any CPU = Release|Any CPU
	EndGlobalSection
	GlobalSection(ProjectConfigurationPlatforms) = postSolution
		{01C9FD02-EBB7-4CCE-B91D-81595A096D5E}.Debug|Any CPU.ActiveCfg = Debug|Any CPU
		{01C9FD02-EBB7-4CCE-B91D-81595A096D5E}.Debug|Any CPU.Build.0 = Debug|Any CPU
		{01C9FD02-EBB7-4CCE-B91D-81595A096D5E}.Release|Any CPU.ActiveCfg = Release|Any CPU
		{01C9FD02-EBB7-4CCE-B91D-81595A096D5E}.Release|Any CPU.Build.0 = Release|Any CPU
	EndGlobalSection
	GlobalSection(SolutionProperties) = preSolution
		HideSolutionNode = FALSE
	EndGlobalSection
	GlobalSection(ExtensibilityGlobals) = postSolution
		SolutionGuid = {C6295D27-AC0C-40BD-80F6-BB178E8B717F}
	EndGlobalSection
EndGlobal
